
Microsoft Visual Studio Solution File, Format Version 12.00
# Visual Studio Version 16
VisualStudioVersion = 16.0.30711.63
MinimumVisualStudioVersion = 10.0.40219.1
Project("{FAE04EC0-301F-11D3-BF4B-00C04F79EFBC}") = "poc.Google.Directions", "poc.Google.Directions\poc.Google.Directions.csproj", "{BC12921F-0ADC-416C-927E-92B5F1965180}"
EndProject
Project("{FAE04EC0-301F-11D3-BF4B-00C04F79EFBC}") = "poc.Google.Directions.Tests", "poc.Google.Directions.Tests\poc.Google.Directions.Tests.csproj", "{8B7D1A03-88E9-485B-97B5-9F8D4D11AB60}"
EndProject
Project("{2150E333-8FDC-42A3-9474-1A3956D46DE8}") = "Solution Items", "Solution Items", "{9D982500-1588-4045-AA3A-616542F4441F}"
	ProjectSection(SolutionItems) = preProject
		..\README.md = ..\README.md
	EndProjectSection
EndProject
Global
	GlobalSection(SolutionConfigurationPlatforms) = preSolution
		Debug|Any CPU = Debug|Any CPU
		Release|Any CPU = Release|Any CPU
	EndGlobalSection
	GlobalSection(ProjectConfigurationPlatforms) = postSolution
		{BC12921F-0ADC-416C-927E-92B5F1965180}.Debug|Any CPU.ActiveCfg = Debug|Any CPU
		{BC12921F-0ADC-416C-927E-92B5F1965180}.Debug|Any CPU.Build.0 = Debug|Any CPU
		{BC12921F-0ADC-416C-927E-92B5F1965180}.Release|Any CPU.ActiveCfg = Release|Any CPU
		{BC12921F-0ADC-416C-927E-92B5F1965180}.Release|Any CPU.Build.0 = Release|Any CPU
		{8B7D1A03-88E9-485B-97B5-9F8D4D11AB60}.Debug|Any CPU.ActiveCfg = Debug|Any CPU
		{8B7D1A03-88E9-485B-97B5-9F8D4D11AB60}.Debug|Any CPU.Build.0 = Debug|Any CPU
		{8B7D1A03-88E9-485B-97B5-9F8D4D11AB60}.Release|Any CPU.ActiveCfg = Release|Any CPU
		{8B7D1A03-88E9-485B-97B5-9F8D4D11AB60}.Release|Any CPU.Build.0 = Release|Any CPU
	EndGlobalSection
	GlobalSection(SolutionProperties) = preSolution
		HideSolutionNode = FALSE
	EndGlobalSection
	GlobalSection(ExtensibilityGlobals) = postSolution
		SolutionGuid = {327EFD44-D5E3-4270-80BC-1CA476A85E4D}
	EndGlobalSection
EndGlobal
